// !$*UTF8*$!
{
	archiveVersion = 1;
	classes = {
	};
	objectVersion = 46;
	objects = {

/* Begin PBXBuildFile section */
		45570BB01AE0D57C00526483 /* main.m in Sources */ = {isa = PBXBuildFile; fileRef = 45570BAF1AE0D57C00526483 /* main.m */; };
		45570BB31AE0D57C00526483 /* AppDelegate.m in Sources */ = {isa = PBXBuildFile; fileRef = 45570BB21AE0D57C00526483 /* AppDelegate.m */; };
		45570BB61AE0D57C00526483 /* ViewController.m in Sources */ = {isa = PBXBuildFile; fileRef = 45570BB51AE0D57C00526483 /* ViewController.m */; };
		45570BB91AE0D57C00526483 /* Main.storyboard in Resources */ = {isa = PBXBuildFile; fileRef = 45570BB71AE0D57C00526483 /* Main.storyboard */; };
		45570BBB1AE0D57C00526483 /* Images.xcassets in Resources */ = {isa = PBXBuildFile; fileRef = 45570BBA1AE0D57C00526483 /* Images.xcassets */; };
		45570BBE1AE0D57C00526483 /* LaunchScreen.xib in Resources */ = {isa = PBXBuildFile; fileRef = 45570BBC1AE0D57C00526483 /* LaunchScreen.xib */; };
		45570BCA1AE0D57C00526483 /* PFScrollNavigationTests.m in Sources */ = {isa = PBXBuildFile; fileRef = 45570BC91AE0D57C00526483 /* PFScrollNavigationTests.m */; };
/* End PBXBuildFile section */

/* Begin PBXContainerItemProxy section */
		45570BC41AE0D57C00526483 /* PBXContainerItemProxy */ = {
			isa = PBXContainerItemProxy;
			containerPortal = 45570BA21AE0D57C00526483 /* Project object */;
			proxyType = 1;
			remoteGlobalIDString = 45570BA91AE0D57C00526483;
			remoteInfo = PFScrollNavigation;
		};
/* End PBXContainerItemProxy section */

/* Begin PBXFileReference section */
		45570BAA1AE0D57C00526483 /* PFScrollNavigation.app */ = {isa = PBXFileReference; explicitFileType = wrapper.application; includeInIndex = 0; path = PFScrollNavigation.app; sourceTree = BUILT_PRODUCTS_DIR; };
		45570BAE1AE0D57C00526483 /* Info.plist */ = {isa = PBXFileReference; lastKnownFileType = text.plist.xml; path = Info.plist; sourceTree = "<group>"; };
		45570BAF1AE0D57C00526483 /* main.m */ = {isa = PBXFileReference; lastKnownFileType = sourcecode.c.objc; path = main.m; sourceTree = "<group>"; };
		45570BB11AE0D57C00526483 /* AppDelegate.h */ = {isa = PBXFileReference; lastKnownFileType = sourcecode.c.h; path = AppDelegate.h; sourceTree = "<group>"; };
		45570BB21AE0D57C00526483 /* AppDelegate.m */ = {isa = PBXFileReference; lastKnownFileType = sourcecode.c.objc; path = AppDelegate.m; sourceTree = "<group>"; };
		45570BB41AE0D57C00526483 /* ViewController.h */ = {isa = PBXFileReference; lastKnownFileType = sourcecode.c.h; path = ViewController.h; sourceTree = "<group>"; };
		45570BB51AE0D57C00526483 /* ViewController.m */ = {isa = PBXFileReference; lastKnownFileType = sourcecode.c.objc; path = ViewController.m; sourceTree = "<group>"; };
		45570BB81AE0D57C00526483 /* Base */ = {isa = PBXFileReference; lastKnownFileType = file.storyboard; name = Base; path = Base.lproj/Main.storyboard; sourceTree = "<group>"; };
		45570BBA1AE0D57C00526483 /* Images.xcassets */ = {isa = PBXFileReference; lastKnownFileType = folder.assetcatalog; path = Images.xcassets; sourceTree = "<group>"; };
		45570BBD1AE0D57C00526483 /* Base */ = {isa = PBXFileReference; lastKnownFileType = file.xib; name = Base; path = Base.lproj/LaunchScreen.xib; sourceTree = "<group>"; };
		45570BC31AE0D57C00526483 /* PFScrollNavigationTests.xctest */ = {isa = PBXFileReference; explicitFileType = wrapper.cfbundle; includeInIndex = 0; path = PFScrollNavigationTests.xctest; sourceTree = BUILT_PRODUCTS_DIR; };
		45570BC81AE0D57C00526483 /* Info.plist */ = {isa = PBXFileReference; lastKnownFileType = text.plist.xml; path = Info.plist; sourceTree = "<group>"; };
		45570BC91AE0D57C00526483 /* PFScrollNavigationTests.m */ = {isa = PBXFileReference; lastKnownFileType = sourcecode.c.objc; path = PFScrollNavigationTests.m; sourceTree = "<group>"; };
/* End PBXFileReference section */

/* Begin PBXFrameworksBuildPhase section */
		45570BA71AE0D57C00526483 /* Frameworks */ = {
			isa = PBXFrameworksBuildPhase;
			buildActionMask = 2147483647;
			files = (
			);
			runOnlyForDeploymentPostprocessing = 0;
		};
		45570BC01AE0D57C00526483 /* Frameworks */ = {
			isa = PBXFrameworksBuildPhase;
			buildActionMask = 2147483647;
			files = (
			);
			runOnlyForDeploymentPostprocessing = 0;
		};
/* End PBXFrameworksBuildPhase section */

/* Begin PBXGroup section */
		45570BA11AE0D57B00526483 = {
			isa = PBXGroup;
			children = (
				45570BAC1AE0D57C00526483 /* PFScrollNavigation */,
				45570BC61AE0D57C00526483 /* PFScrollNavigationTests */,
				45570BAB1AE0D57C00526483 /* Products */,
			);
			sourceTree = "<group>";
		};
		45570BAB1AE0D57C00526483 /* Products */ = {
			isa = PBXGroup;
			children = (
				45570BAA1AE0D57C00526483 /* PFScrollNavigation.app */,
				45570BC31AE0D57C00526483 /* PFScrollNavigationTests.xctest */,
			);
			name = Products;
			sourceTree = "<group>";
		};
		45570BAC1AE0D57C00526483 /* PFScrollNavigation */ = {
			isa = PBXGroup;
			children = (
				45570BB11AE0D57C00526483 /* AppDelegate.h */,
				45570BB21AE0D57C00526483 /* AppDelegate.m */,
				45570BB41AE0D57C00526483 /* ViewController.h */,
				45570BB51AE0D57C00526483 /* ViewController.m */,
				45570BB71AE0D57C00526483 /* Main.storyboard */,
				45570BBA1AE0D57C00526483 /* Images.xcassets */,
				45570BBC1AE0D57C00526483 /* LaunchScreen.xib */,
				45570BAD1AE0D57C00526483 /* Supporting Files */,
			);
			path = PFScrollNavigation;
			sourceTree = "<group>";
		};
		45570BAD1AE0D57C00526483 /* Supporting Files */ = {
			isa = PBXGroup;
			children = (
				45570BAE1AE0D57C00526483 /* Info.plist */,
				45570BAF1AE0D57C00526483 /* main.m */,
			);
			name = "Supporting Files";
			sourceTree = "<group>";
		};
		45570BC61AE0D57C00526483 /* PFScrollNavigationTests */ = {
			isa = PBXGroup;
			children = (
				45570BC91AE0D57C00526483 /* PFScrollNavigationTests.m */,
				45570BC71AE0D57C00526483 /* Supporting Files */,
			);
			path = PFScrollNavigationTests;
			sourceTree = "<group>";
		};
		45570BC71AE0D57C00526483 /* Supporting Files */ = {
			isa = PBXGroup;
			children = (
				45570BC81AE0D57C00526483 /* Info.plist */,
			);
			name = "Supporting Files";
			sourceTree = "<group>";
		};
/* End PBXGroup section */

/* Begin PBXNativeTarget section */
		45570BA91AE0D57C00526483 /* PFScrollNavigation */ = {
			isa = PBXNativeTarget;
			buildConfigurationList = 45570BCD1AE0D57C00526483 /* Build configuration list for PBXNativeTarget "PFScrollNavigation" */;
			buildPhases = (
				45570BA61AE0D57C00526483 /* Sources */,
				45570BA71AE0D57C00526483 /* Frameworks */,
				45570BA81AE0D57C00526483 /* Resources */,
			);
			buildRules = (
			);
			dependencies = (
			);
			name = PFScrollNavigation;
			productName = PFScrollNavigation;
			productReference = 45570BAA1AE0D57C00526483 /* PFScrollNavigation.app */;
			productType = "com.apple.product-type.application";
		};
		45570BC21AE0D57C00526483 /* PFScrollNavigationTests */ = {
			isa = PBXNativeTarget;
			buildConfigurationList = 45570BD01AE0D57C00526483 /* Build configuration list for PBXNativeTarget "PFScrollNavigationTests" */;
			buildPhases = (
				45570BBF1AE0D57C00526483 /* Sources */,
				45570BC01AE0D57C00526483 /* Frameworks */,
				45570BC11AE0D57C00526483 /* Resources */,
			);
			buildRules = (
			);
			dependencies = (
				45570BC51AE0D57C00526483 /* PBXTargetDependency */,
			);
			name = PFScrollNavigationTests;
			productName = PFScrollNavigationTests;
			productReference = 45570BC31AE0D57C00526483 /* PFScrollNavigationTests.xctest */;
			productType = "com.apple.product-type.bundle.unit-test";
		};
/* End PBXNativeTarget section */

/* Begin PBXProject section */
		45570BA21AE0D57C00526483 /* Project object */ = {
			isa = PBXProject;
			attributes = {
				LastUpgradeCheck = 0630;
				ORGANIZATIONNAME = "PF-Lib";
				TargetAttributes = {
					45570BA91AE0D57C00526483 = {
						CreatedOnToolsVersion = 6.3;
					};
					45570BC21AE0D57C00526483 = {
						CreatedOnToolsVersion = 6.3;
						TestTargetID = 45570BA91AE0D57C00526483;
					};
				};
			};
			buildConfigurationList = 45570BA51AE0D57C00526483 /* Build configuration list for PBXProject "PFScrollNavigation" */;
			compatibilityVersion = "Xcode 3.2";
			developmentRegion = English;
			hasScannedForEncodings = 0;
			knownRegions = (
				en,
				Base,
			);
			mainGroup = 45570BA11AE0D57B00526483;
			productRefGroup = 45570BAB1AE0D57C00526483 /* Products */;
			projectDirPath = "";
			projectRoot = "";
			targets = (
				45570BA91AE0D57C00526483 /* PFScrollNavigation */,
				45570BC21AE0D57C00526483 /* PFScrollNavigationTests */,
			);
		};
/* End PBXProject section */

/* Begin PBXResourcesBuildPhase section */
		45570BA81AE0D57C00526483 /* Resources */ = {
			isa = PBXResourcesBuildPhase;
			buildActionMask = 2147483647;
			files = (
				45570BB91AE0D57C00526483 /* Main.storyboard in Resources */,
				45570BBE1AE0D57C00526483 /* LaunchScreen.xib in Resources */,
				45570BBB1AE0D57C00526483 /* Images.xcassets in Resources */,
			);
			runOnlyForDeploymentPostprocessing = 0;
		};
		45570BC11AE0D57C00526483 /* Resources */ = {
			isa = PBXResourcesBuildPhase;
			buildActionMask = 2147483647;
			files = (
			);
			runOnlyForDeploymentPostprocessing = 0;
		};
/* End PBXResourcesBuildPhase section */

/* Begin PBXSourcesBuildPhase section */
		45570BA61AE0D57C00526483 /* Sources */ = {
			isa = PBXSourcesBuildPhase;
			buildActionMask = 2147483647;
			files = (
				45570BB61AE0D57C00526483 /* ViewController.m in Sources */,
				45570BB31AE0D57C00526483 /* AppDelegate.m in Sources */,
				45570BB01AE0D57C00526483 /* main.m in Sources */,
			);
			runOnlyForDeploymentPostprocessing = 0;
		};
		45570BBF1AE0D57C00526483 /* Sources */ = {
			isa = PBXSourcesBuildPhase;
			buildActionMask = 2147483647;
			files = (
				45570BCA1AE0D57C00526483 /* PFScrollNavigationTests.m in Sources */,
			);
			runOnlyForDeploymentPostprocessing = 0;
		};
/* End PBXSourcesBuildPhase section */

/* Begin PBXTargetDependency section */
		45570BC51AE0D57C00526483 /* PBXTargetDependency */ = {
			isa = PBXTargetDependency;
			target = 45570BA91AE0D57C00526483 /* PFScrollNavigation */;
			targetProxy = 45570BC41AE0D57C00526483 /* PBXContainerItemProxy */;
		};
/* End PBXTargetDependency section */

/* Begin PBXVariantGroup section */
		45570BB71AE0D57C00526483 /* Main.storyboard */ = {
			isa = PBXVariantGroup;
			children = (
				45570BB81AE0D57C00526483 /* Base */,
			);
			name = Main.storyboard;
			sourceTree = "<group>";
		};
		45570BBC1AE0D57C00526483 /* LaunchScreen.xib */ = {
			isa = PBXVariantGroup;
			children = (
				45570BBD1AE0D57C00526483 /* Base */,
			);
			name = LaunchScreen.xib;
			sourceTree = "<group>";
		};
/* End PBXVariantGroup section */

/* Begin XCBuildConfiguration section */
		45570BCB1AE0D57C00526483 /* Debug */ = {
			isa = XCBuildConfiguration;
			buildSettings = {
				ALWAYS_SEARCH_USER_PATHS = NO;
				CLANG_CXX_LANGUAGE_STANDARD = "gnu++0x";
				CLANG_CXX_LIBRARY = "libc++";
				CLANG_ENABLE_MODULES = YES;
				CLANG_ENABLE_OBJC_ARC = YES;
				CLANG_WARN_BOOL_CONVERSION = YES;
				CLANG_WARN_CONSTANT_CONVERSION = YES;
				CLANG_WARN_DIRECT_OBJC_ISA_USAGE = YES_ERROR;
				CLANG_WARN_EMPTY_BODY = YES;
				CLANG_WARN_ENUM_CONVERSION = YES;
				CLANG_WARN_INT_CONVERSION = YES;
				CLANG_WARN_OBJC_ROOT_CLASS = YES_ERROR;
				CLANG_WARN_UNREACHABLE_CODE = YES;
				CLANG_WARN__DUPLICATE_METHOD_MATCH = YES;
				"CODE_SIGN_IDENTITY[sdk=iphoneos*]" = "iPhone Developer";
				COPY_PHASE_STRIP = NO;
				DEBUG_INFORMATION_FORMAT = "dwarf-with-dsym";
				ENABLE_STRICT_OBJC_MSGSEND = YES;
				GCC_C_LANGUAGE_STANDARD = gnu99;
				GCC_DYNAMIC_NO_PIC = NO;
				GCC_NO_COMMON_BLOCKS = YES;
				GCC_OPTIMIZATION_LEVEL = 0;
				GCC_PREPROCESSOR_DEFINITIONS = (
					"DEBUG=1",
					"$(inherited)",
				);
				GCC_SYMBOLS_PRIVATE_EXTERN = NO;
				GCC_WARN_64_TO_32_BIT_CONVERSION = YES;
				GCC_WARN_ABOUT_RETURN_TYPE = YES_ERROR;
				GCC_WARN_UNDECLARED_SELECTOR = YES;
				GCC_WARN_UNINITIALIZED_AUTOS = YES_AGGRESSIVE;
				GCC_WARN_UNUSED_FUNCTION = YES;
				GCC_WARN_UNUSED_VARIABLE = YES;
				IPHONEOS_DEPLOYMENT_TARGET = 8.3;
				MTL_ENABLE_DEBUG_INFO = YES;
				ONLY_ACTIVE_ARCH = YES;
				SDKROOT = iphoneos;
				TARGETED_DEVICE_FAMILY = "1,2";
			};
			name = Debug;
		};
		45570BCC1AE0D57C00526483 /* Release */ = {
			isa = XCBuildConfiguration;
			buildSettings = {
				ALWAYS_SEARCH_USER_PATHS = NO;
				CLANG_CXX_LANGUAGE_STANDARD = "gnu++0x";
				CLANG_CXX_LIBRARY = "libc++";
				CLANG_ENABLE_MODULES = YES;
				CLANG_ENABLE_OBJC_ARC = YES;
				CLANG_WARN_BOOL_CONVERSION = YES;
				CLANG_WARN_CONSTANT_CONVERSION = YES;
				CLANG_WARN_DIRECT_OBJC_ISA_USAGE = YES_ERROR;
				CLANG_WARN_EMPTY_BODY = YES;
				CLANG_WARN_ENUM_CONVERSION = YES;
				CLANG_WARN_INT_CONVERSION = YES;
				CLANG_WARN_OBJC_ROOT_CLASS = YES_ERROR;
				CLANG_WARN_UNREACHABLE_CODE = YES;
				CLANG_WARN__DUPLICATE_METHOD_MATCH = YES;
				"CODE_SIGN_IDENTITY[sdk=iphoneos*]" = "iPhone Developer";
				COPY_PHASE_STRIP = NO;
				DEBUG_INFORMATION_FORMAT = "dwarf-with-dsym";
				ENABLE_NS_ASSERTIONS = NO;
				ENABLE_STRICT_OBJC_MSGSEND = YES;
				GCC_C_LANGUAGE_STANDARD = gnu99;
				GCC_NO_COMMON_BLOCKS = YES;
				GCC_WARN_64_TO_32_BIT_CONVERSION = YES;
				GCC_WARN_ABOUT_RETURN_TYPE = YES_ERROR;
				GCC_WARN_UNDECLARED_SELECTOR = YES;
				GCC_WARN_UNINITIALIZED_AUTOS = YES_AGGRESSIVE;
				GCC_WARN_UNUSED_FUNCTION = YES;
				GCC_WARN_UNUSED_VARIABLE = YES;
				IPHONEOS_DEPLOYMENT_TARGET = 8.3;
				MTL_ENABLE_DEBUG_INFO = NO;
				SDKROOT = iphoneos;
				TARGETED_DEVICE_FAMILY = "1,2";
				VALIDATE_PRODUCT = YES;
			};
			name = Release;
		};
		45570BCE1AE0D57C00526483 /* Debug */ = {
			isa = XCBuildConfiguration;
			buildSettings = {
				ASSETCATALOG_COMPILER_APPICON_NAME = AppIcon;
				INFOPLIST_FILE = PFScrollNavigation/Info.plist;
				LD_RUNPATH_SEARCH_PATHS = "$(inherited) @executable_path/Frameworks";
				PRODUCT_NAME = "$(TARGET_NAME)";
			};
			name = Debug;
		};
		45570BCF1AE0D57C00526483 /* Release */ = {
			isa = XCBuildConfiguration;
			buildSettings = {
				ASSETCATALOG_COMPILER_APPICON_NAME = AppIcon;
				INFOPLIST_FILE = PFScrollNavigation/Info.plist;
				LD_RUNPATH_SEARCH_PATHS = "$(inherited) @executable_path/Frameworks";
				PRODUCT_NAME = "$(TARGET_NAME)";
			};
			name = Release;
		};
		45570BD11AE0D57C00526483 /* Debug */ = {
			isa = XCBuildConfiguration;
			buildSettings = {
				BUNDLE_LOADER = "$(TEST_HOST)";
				FRAMEWORK_SEARCH_PATHS = (
					"$(SDKROOT)/Developer/Library/Frameworks",
					"$(inherited)",
				);
				GCC_PREPROCESSOR_DEFINITIONS = (
					"DEBUG=1",
					"$(inherited)",
				);
				INFOPLIST_FILE = PFScrollNavigationTests/Info.plist;
				LD_RUNPATH_SEARCH_PATHS = "$(inherited) @executable_path/Frameworks @loader_path/Frameworks";
				PRODUCT_NAME = "$(TARGET_NAME)";
				TEST_HOST = "$(BUILT_PRODUCTS_DIR)/PFScrollNavigation.app/PFScrollNavigation";
			};
			name = Debug;
		};
		45570BD21AE0D57C00526483 /* Release */ = {
			isa = XCBuildConfiguration;
			buildSettings = {
				BUNDLE_LOADER = "$(TEST_HOST)";
				FRAMEWORK_SEARCH_PATHS = (
					"$(SDKROOT)/Developer/Library/Frameworks",
					"$(inherited)",
				);
				INFOPLIST_FILE = PFScrollNavigationTests/Info.plist;
				LD_RUNPATH_SEARCH_PATHS = "$(inherited) @executable_path/Frameworks @loader_path/Frameworks";
				PRODUCT_NAME = "$(TARGET_NAME)";
				TEST_HOST = "$(BUILT_PRODUCTS_DIR)/PFScrollNavigation.app/PFScrollNavigation";
			};
			name = Release;
		};
/* End XCBuildConfiguration section */

/* Begin XCConfigurationList section */
		45570BA51AE0D57C00526483 /* Build configuration list for PBXProject "PFScrollNavigation" */ = {
			isa = XCConfigurationList;
			buildConfigurations = (
				45570BCB1AE0D57C00526483 /* Debug */,
				45570BCC1AE0D57C00526483 /* Release */,
			);
			defaultConfigurationIsVisible = 0;
			defaultConfigurationName = Release;
		};
		45570BCD1AE0D57C00526483 /* Build configuration list for PBXNativeTarget "PFScrollNavigation" */ = {
			isa = XCConfigurationList;
			buildConfigurations = (
				45570BCE1AE0D57C00526483 /* Debug */,
				45570BCF1AE0D57C00526483 /* Release */,
			);
			defaultConfigurationIsVisible = 0;
		};
		45570BD01AE0D57C00526483 /* Build configuration list for PBXNativeTarget "PFScrollNavigationTests" */ = {
			isa = XCConfigurationList;
			buildConfigurations = (
				45570BD11AE0D57C00526483 /* Debug */,
				45570BD21AE0D57C00526483 /* Release */,
			);
			defaultConfigurationIsVisible = 0;
		};
/* End XCConfigurationList section */
	};
	rootObject = 45570BA21AE0D57C00526483 /* Project object */;
}
